
Microsoft Visual Studio Solution File, Format Version 12.00
# Visual Studio Version 17
VisualStudioVersion = 17.3.32922.545
MinimumVisualStudioVersion = 10.0.40219.1
Project("{FAE04EC0-301F-11D3-BF4B-00C04F79EFBC}") = "SolucaoSemInterface", "SolucaoSemInterface\SolucaoSemInterface.csproj", "{C5BFC0CB-28AF-4DE1-BC44-02B139D11432}"
EndProject
Global
	GlobalSection(SolutionConfigurationPlatforms) = preSolution
		Debug|Any CPU = Debug|Any CPU
		Release|Any CPU = Release|Any CPU
	EndGlobalSection
	GlobalSection(ProjectConfigurationPlatforms) = postSolution
		{C5BFC0CB-28AF-4DE1-BC44-02B139D11432}.Debug|Any CPU.ActiveCfg = Debug|Any CPU
		{C5BFC0CB-28AF-4DE1-BC44-02B139D11432}.Debug|Any CPU.Build.0 = Debug|Any CPU
		{C5BFC0CB-28AF-4DE1-BC44-02B139D11432}.Release|Any CPU.ActiveCfg = Release|Any CPU
		{C5BFC0CB-28AF-4DE1-BC44-02B139D11432}.Release|Any CPU.Build.0 = Release|Any CPU
	EndGlobalSection
	GlobalSection(SolutionProperties) = preSolution
		HideSolutionNode = FALSE
	EndGlobalSection
	GlobalSection(ExtensibilityGlobals) = postSolution
		SolutionGuid = {7A930D76-BB2B-4166-BF5B-2C3F59E5C7BC}
	EndGlobalSection
EndGlobal
