
Microsoft Visual Studio Solution File, Format Version 12.00
# Visual Studio Version 17
VisualStudioVersion = 17.3.32922.545
MinimumVisualStudioVersion = 10.0.40219.1
Project("{FAE04EC0-301F-11D3-BF4B-00C04F79EFBC}") = "ExemploDiferencaHerdarXContrato", "ExemploDiferencaHerdarXContrato\ExemploDiferencaHerdarXContrato.csproj", "{4AF33D7E-0CDD-4489-AF96-CA417F2BBE9E}"
EndProject
Global
	GlobalSection(SolutionConfigurationPlatforms) = preSolution
		Debug|Any CPU = Debug|Any CPU
		Release|Any CPU = Release|Any CPU
	EndGlobalSection
	GlobalSection(ProjectConfigurationPlatforms) = postSolution
		{4AF33D7E-0CDD-4489-AF96-CA417F2BBE9E}.Debug|Any CPU.ActiveCfg = Debug|Any CPU
		{4AF33D7E-0CDD-4489-AF96-CA417F2BBE9E}.Debug|Any CPU.Build.0 = Debug|Any CPU
		{4AF33D7E-0CDD-4489-AF96-CA417F2BBE9E}.Release|Any CPU.ActiveCfg = Release|Any CPU
		{4AF33D7E-0CDD-4489-AF96-CA417F2BBE9E}.Release|Any CPU.Build.0 = Release|Any CPU
	EndGlobalSection
	GlobalSection(SolutionProperties) = preSolution
		HideSolutionNode = FALSE
	EndGlobalSection
	GlobalSection(ExtensibilityGlobals) = postSolution
		SolutionGuid = {FCD9F776-4AD8-4382-A957-AD635BAC57E0}
	EndGlobalSection
EndGlobal
