
Microsoft Visual Studio Solution File, Format Version 12.00
# Visual Studio Version 17
VisualStudioVersion = 17.3.32922.545
MinimumVisualStudioVersion = 10.0.40219.1
Project("{FAE04EC0-301F-11D3-BF4B-00C04F79EFBC}") = "ExercicioFixacaoLista", "ExercicioFixacaoLista\ExercicioFixacaoLista.csproj", "{6B64B326-DC64-4BFC-82C8-CDE4AE1F5406}"
EndProject
Global
	GlobalSection(SolutionConfigurationPlatforms) = preSolution
		Debug|Any CPU = Debug|Any CPU
		Release|Any CPU = Release|Any CPU
	EndGlobalSection
	GlobalSection(ProjectConfigurationPlatforms) = postSolution
		{6B64B326-DC64-4BFC-82C8-CDE4AE1F5406}.Debug|Any CPU.ActiveCfg = Debug|Any CPU
		{6B64B326-DC64-4BFC-82C8-CDE4AE1F5406}.Debug|Any CPU.Build.0 = Debug|Any CPU
		{6B64B326-DC64-4BFC-82C8-CDE4AE1F5406}.Release|Any CPU.ActiveCfg = Release|Any CPU
		{6B64B326-DC64-4BFC-82C8-CDE4AE1F5406}.Release|Any CPU.Build.0 = Release|Any CPU
	EndGlobalSection
	GlobalSection(SolutionProperties) = preSolution
		HideSolutionNode = FALSE
	EndGlobalSection
	GlobalSection(ExtensibilityGlobals) = postSolution
		SolutionGuid = {DC75632C-1274-43B4-B688-4857F91E88BF}
	EndGlobalSection
EndGlobal
