
Microsoft Visual Studio Solution File, Format Version 12.00
# Visual Studio Version 17
VisualStudioVersion = 17.3.32922.545
MinimumVisualStudioVersion = 10.0.40219.1
Project("{FAE04EC0-301F-11D3-BF4B-00C04F79EFBC}") = "DictionaryESortedDictionary", "DictionaryESortedDictionary\DictionaryESortedDictionary.csproj", "{9BE34A44-9CB8-430B-B583-4AEEA48FE2BE}"
EndProject
Global
	GlobalSection(SolutionConfigurationPlatforms) = preSolution
		Debug|Any CPU = Debug|Any CPU
		Release|Any CPU = Release|Any CPU
	EndGlobalSection
	GlobalSection(ProjectConfigurationPlatforms) = postSolution
		{9BE34A44-9CB8-430B-B583-4AEEA48FE2BE}.Debug|Any CPU.ActiveCfg = Debug|Any CPU
		{9BE34A44-9CB8-430B-B583-4AEEA48FE2BE}.Debug|Any CPU.Build.0 = Debug|Any CPU
		{9BE34A44-9CB8-430B-B583-4AEEA48FE2BE}.Release|Any CPU.ActiveCfg = Release|Any CPU
		{9BE34A44-9CB8-430B-B583-4AEEA48FE2BE}.Release|Any CPU.Build.0 = Release|Any CPU
	EndGlobalSection
	GlobalSection(SolutionProperties) = preSolution
		HideSolutionNode = FALSE
	EndGlobalSection
	GlobalSection(ExtensibilityGlobals) = postSolution
		SolutionGuid = {7F33BCDC-669E-4182-A799-B95377F2FED0}
	EndGlobalSection
EndGlobal
