
Microsoft Visual Studio Solution File, Format Version 12.00
# Visual Studio Version 17
VisualStudioVersion = 17.3.32922.545
MinimumVisualStudioVersion = 10.0.40219.1
Project("{FAE04EC0-301F-11D3-BF4B-00C04F79EFBC}") = "ExerciciosPropostos4", "ExerciciosPropostos4\ExerciciosPropostos4.csproj", "{82AD5314-9CC1-4597-957B-4577BFDEB394}"
EndProject
Global
	GlobalSection(SolutionConfigurationPlatforms) = preSolution
		Debug|Any CPU = Debug|Any CPU
		Release|Any CPU = Release|Any CPU
	EndGlobalSection
	GlobalSection(ProjectConfigurationPlatforms) = postSolution
		{82AD5314-9CC1-4597-957B-4577BFDEB394}.Debug|Any CPU.ActiveCfg = Debug|Any CPU
		{82AD5314-9CC1-4597-957B-4577BFDEB394}.Debug|Any CPU.Build.0 = Debug|Any CPU
		{82AD5314-9CC1-4597-957B-4577BFDEB394}.Release|Any CPU.ActiveCfg = Release|Any CPU
		{82AD5314-9CC1-4597-957B-4577BFDEB394}.Release|Any CPU.Build.0 = Release|Any CPU
	EndGlobalSection
	GlobalSection(SolutionProperties) = preSolution
		HideSolutionNode = FALSE
	EndGlobalSection
	GlobalSection(ExtensibilityGlobals) = postSolution
		SolutionGuid = {37CA7CD4-A95E-468D-94C4-2DE8C0A7BDFA}
	EndGlobalSection
EndGlobal
