
Microsoft Visual Studio Solution File, Format Version 12.00
# Visual Studio Version 17
VisualStudioVersion = 17.3.32922.545
MinimumVisualStudioVersion = 10.0.40219.1
Project("{FAE04EC0-301F-11D3-BF4B-00C04F79EFBC}") = "ExemploAction", "ExemploAction\ExemploAction.csproj", "{041C7F06-3238-462E-9046-FEC04801D0FE}"
EndProject
Global
	GlobalSection(SolutionConfigurationPlatforms) = preSolution
		Debug|Any CPU = Debug|Any CPU
		Release|Any CPU = Release|Any CPU
	EndGlobalSection
	GlobalSection(ProjectConfigurationPlatforms) = postSolution
		{041C7F06-3238-462E-9046-FEC04801D0FE}.Debug|Any CPU.ActiveCfg = Debug|Any CPU
		{041C7F06-3238-462E-9046-FEC04801D0FE}.Debug|Any CPU.Build.0 = Debug|Any CPU
		{041C7F06-3238-462E-9046-FEC04801D0FE}.Release|Any CPU.ActiveCfg = Release|Any CPU
		{041C7F06-3238-462E-9046-FEC04801D0FE}.Release|Any CPU.Build.0 = Release|Any CPU
	EndGlobalSection
	GlobalSection(SolutionProperties) = preSolution
		HideSolutionNode = FALSE
	EndGlobalSection
	GlobalSection(ExtensibilityGlobals) = postSolution
		SolutionGuid = {DC0D6C4C-74EE-4594-B8D1-A6BAB70235EC}
	EndGlobalSection
EndGlobal
