
Microsoft Visual Studio Solution File, Format Version 12.00
# Visual Studio Version 17
VisualStudioVersion = 17.3.32922.545
MinimumVisualStudioVersion = 10.0.40219.1
Project("{FAE04EC0-301F-11D3-BF4B-00C04F79EFBC}") = "DemoLinqLambda", "DemoLinqLambda\DemoLinqLambda.csproj", "{EB8852ED-441A-4158-9B28-A12BF8254A80}"
EndProject
Global
	GlobalSection(SolutionConfigurationPlatforms) = preSolution
		Debug|Any CPU = Debug|Any CPU
		Release|Any CPU = Release|Any CPU
	EndGlobalSection
	GlobalSection(ProjectConfigurationPlatforms) = postSolution
		{EB8852ED-441A-4158-9B28-A12BF8254A80}.Debug|Any CPU.ActiveCfg = Debug|Any CPU
		{EB8852ED-441A-4158-9B28-A12BF8254A80}.Debug|Any CPU.Build.0 = Debug|Any CPU
		{EB8852ED-441A-4158-9B28-A12BF8254A80}.Release|Any CPU.ActiveCfg = Release|Any CPU
		{EB8852ED-441A-4158-9B28-A12BF8254A80}.Release|Any CPU.Build.0 = Release|Any CPU
	EndGlobalSection
	GlobalSection(SolutionProperties) = preSolution
		HideSolutionNode = FALSE
	EndGlobalSection
	GlobalSection(ExtensibilityGlobals) = postSolution
		SolutionGuid = {7850D468-E924-4DB0-9432-4D87494D1F38}
	EndGlobalSection
EndGlobal
