
Microsoft Visual Studio Solution File, Format Version 12.00
# Visual Studio Version 17
VisualStudioVersion = 17.3.32922.545
MinimumVisualStudioVersion = 10.0.40219.1
Project("{FAE04EC0-301F-11D3-BF4B-00C04F79EFBC}") = "DebuggingVS", "DebuggingVS\DebuggingVS.csproj", "{6F1F0550-9105-458E-B7F6-FCC8364BEF82}"
EndProject
Global
	GlobalSection(SolutionConfigurationPlatforms) = preSolution
		Debug|Any CPU = Debug|Any CPU
		Release|Any CPU = Release|Any CPU
	EndGlobalSection
	GlobalSection(ProjectConfigurationPlatforms) = postSolution
		{6F1F0550-9105-458E-B7F6-FCC8364BEF82}.Debug|Any CPU.ActiveCfg = Debug|Any CPU
		{6F1F0550-9105-458E-B7F6-FCC8364BEF82}.Debug|Any CPU.Build.0 = Debug|Any CPU
		{6F1F0550-9105-458E-B7F6-FCC8364BEF82}.Release|Any CPU.ActiveCfg = Release|Any CPU
		{6F1F0550-9105-458E-B7F6-FCC8364BEF82}.Release|Any CPU.Build.0 = Release|Any CPU
	EndGlobalSection
	GlobalSection(SolutionProperties) = preSolution
		HideSolutionNode = FALSE
	EndGlobalSection
	GlobalSection(ExtensibilityGlobals) = postSolution
		SolutionGuid = {DA4AE12C-0BD3-4275-9791-6CFA95410CC1}
	EndGlobalSection
EndGlobal
