
Microsoft Visual Studio Solution File, Format Version 12.00
# Visual Studio Version 17
VisualStudioVersion = 17.3.32922.545
MinimumVisualStudioVersion = 10.0.40219.1
Project("{FAE04EC0-301F-11D3-BF4B-00C04F79EFBC}") = "Construtores", "Construtores\Construtores.csproj", "{7676746B-640A-4411-A9D5-3EF35932018A}"
EndProject
Global
	GlobalSection(SolutionConfigurationPlatforms) = preSolution
		Debug|Any CPU = Debug|Any CPU
		Release|Any CPU = Release|Any CPU
	EndGlobalSection
	GlobalSection(ProjectConfigurationPlatforms) = postSolution
		{7676746B-640A-4411-A9D5-3EF35932018A}.Debug|Any CPU.ActiveCfg = Debug|Any CPU
		{7676746B-640A-4411-A9D5-3EF35932018A}.Debug|Any CPU.Build.0 = Debug|Any CPU
		{7676746B-640A-4411-A9D5-3EF35932018A}.Release|Any CPU.ActiveCfg = Release|Any CPU
		{7676746B-640A-4411-A9D5-3EF35932018A}.Release|Any CPU.Build.0 = Release|Any CPU
	EndGlobalSection
	GlobalSection(SolutionProperties) = preSolution
		HideSolutionNode = FALSE
	EndGlobalSection
	GlobalSection(ExtensibilityGlobals) = postSolution
		SolutionGuid = {691D2C7C-D849-4E0A-B3B7-2185C0951E24}
	EndGlobalSection
EndGlobal
