
Microsoft Visual Studio Solution File, Format Version 12.00
# Visual Studio Version 17
VisualStudioVersion = 17.3.32922.545
MinimumVisualStudioVersion = 10.0.40219.1
Project("{FAE04EC0-301F-11D3-BF4B-00C04F79EFBC}") = "EstruturaCondicional", "EstruturaCondicional\EstruturaCondicional.csproj", "{F51F8BEB-C60D-46BE-81C6-17761B7C4FE0}"
EndProject
Global
	GlobalSection(SolutionConfigurationPlatforms) = preSolution
		Debug|Any CPU = Debug|Any CPU
		Release|Any CPU = Release|Any CPU
	EndGlobalSection
	GlobalSection(ProjectConfigurationPlatforms) = postSolution
		{F51F8BEB-C60D-46BE-81C6-17761B7C4FE0}.Debug|Any CPU.ActiveCfg = Debug|Any CPU
		{F51F8BEB-C60D-46BE-81C6-17761B7C4FE0}.Debug|Any CPU.Build.0 = Debug|Any CPU
		{F51F8BEB-C60D-46BE-81C6-17761B7C4FE0}.Release|Any CPU.ActiveCfg = Release|Any CPU
		{F51F8BEB-C60D-46BE-81C6-17761B7C4FE0}.Release|Any CPU.Build.0 = Release|Any CPU
	EndGlobalSection
	GlobalSection(SolutionProperties) = preSolution
		HideSolutionNode = FALSE
	EndGlobalSection
	GlobalSection(ExtensibilityGlobals) = postSolution
		SolutionGuid = {9C489F54-4E93-424C-9A59-2E9568E00A99}
	EndGlobalSection
EndGlobal
