
Microsoft Visual Studio Solution File, Format Version 12.00
# Visual Studio Version 17
VisualStudioVersion = 17.3.32922.545
MinimumVisualStudioVersion = 10.0.40219.1
Project("{FAE04EC0-301F-11D3-BF4B-00C04F79EFBC}") = "ExcecoesPersonalizadas", "ExcecoesPersonalizadas\ExcecoesPersonalizadas.csproj", "{DDB0B72D-DB9E-4DB3-B3ED-9C6384E92745}"
EndProject
Global
	GlobalSection(SolutionConfigurationPlatforms) = preSolution
		Debug|Any CPU = Debug|Any CPU
		Release|Any CPU = Release|Any CPU
	EndGlobalSection
	GlobalSection(ProjectConfigurationPlatforms) = postSolution
		{DDB0B72D-DB9E-4DB3-B3ED-9C6384E92745}.Debug|Any CPU.ActiveCfg = Debug|Any CPU
		{DDB0B72D-DB9E-4DB3-B3ED-9C6384E92745}.Debug|Any CPU.Build.0 = Debug|Any CPU
		{DDB0B72D-DB9E-4DB3-B3ED-9C6384E92745}.Release|Any CPU.ActiveCfg = Release|Any CPU
		{DDB0B72D-DB9E-4DB3-B3ED-9C6384E92745}.Release|Any CPU.Build.0 = Release|Any CPU
	EndGlobalSection
	GlobalSection(SolutionProperties) = preSolution
		HideSolutionNode = FALSE
	EndGlobalSection
	GlobalSection(ExtensibilityGlobals) = postSolution
		SolutionGuid = {47028B74-6DDA-40AD-82B8-24A9DE79B14D}
	EndGlobalSection
EndGlobal
