
Microsoft Visual Studio Solution File, Format Version 12.00
# Visual Studio Version 17
VisualStudioVersion = 17.3.32922.545
MinimumVisualStudioVersion = 10.0.40219.1
Project("{FAE04EC0-301F-11D3-BF4B-00C04F79EFBC}") = "IntroducaoLinq", "IntroducaoLinq\IntroducaoLinq.csproj", "{2DA4A614-6CF2-4DC6-AED8-54C5768D1ADB}"
EndProject
Global
	GlobalSection(SolutionConfigurationPlatforms) = preSolution
		Debug|Any CPU = Debug|Any CPU
		Release|Any CPU = Release|Any CPU
	EndGlobalSection
	GlobalSection(ProjectConfigurationPlatforms) = postSolution
		{2DA4A614-6CF2-4DC6-AED8-54C5768D1ADB}.Debug|Any CPU.ActiveCfg = Debug|Any CPU
		{2DA4A614-6CF2-4DC6-AED8-54C5768D1ADB}.Debug|Any CPU.Build.0 = Debug|Any CPU
		{2DA4A614-6CF2-4DC6-AED8-54C5768D1ADB}.Release|Any CPU.ActiveCfg = Release|Any CPU
		{2DA4A614-6CF2-4DC6-AED8-54C5768D1ADB}.Release|Any CPU.Build.0 = Release|Any CPU
	EndGlobalSection
	GlobalSection(SolutionProperties) = preSolution
		HideSolutionNode = FALSE
	EndGlobalSection
	GlobalSection(ExtensibilityGlobals) = postSolution
		SolutionGuid = {6E7D1A33-125C-449F-A9C1-9E581D43E2C1}
	EndGlobalSection
EndGlobal
