
Microsoft Visual Studio Solution File, Format Version 12.00
# Visual Studio Version 17
VisualStudioVersion = 17.3.32922.545
MinimumVisualStudioVersion = 10.0.40219.1
Project("{FAE04EC0-301F-11D3-BF4B-00C04F79EFBC}") = "IntroducaoDelegates", "IntroducaoDelegates\IntroducaoDelegates.csproj", "{8E8C395D-58EB-4185-AC64-1D856B4CC0EE}"
EndProject
Global
	GlobalSection(SolutionConfigurationPlatforms) = preSolution
		Debug|Any CPU = Debug|Any CPU
		Release|Any CPU = Release|Any CPU
	EndGlobalSection
	GlobalSection(ProjectConfigurationPlatforms) = postSolution
		{8E8C395D-58EB-4185-AC64-1D856B4CC0EE}.Debug|Any CPU.ActiveCfg = Debug|Any CPU
		{8E8C395D-58EB-4185-AC64-1D856B4CC0EE}.Debug|Any CPU.Build.0 = Debug|Any CPU
		{8E8C395D-58EB-4185-AC64-1D856B4CC0EE}.Release|Any CPU.ActiveCfg = Release|Any CPU
		{8E8C395D-58EB-4185-AC64-1D856B4CC0EE}.Release|Any CPU.Build.0 = Release|Any CPU
	EndGlobalSection
	GlobalSection(SolutionProperties) = preSolution
		HideSolutionNode = FALSE
	EndGlobalSection
	GlobalSection(ExtensibilityGlobals) = postSolution
		SolutionGuid = {9B335D00-0D24-431F-87D1-33A80A2E6834}
	EndGlobalSection
EndGlobal
